
Microsoft Visual Studio Solution File, Format Version 12.00
# Visual Studio Version 16
VisualStudioVersion = 16.0.29230.47
MinimumVisualStudioVersion = 10.0.40219.1
Project("{FAE04EC0-301F-11D3-BF4B-00C04F79EFBC}") = "Zork", "Zork\Zork.csproj", "{9B203ED1-9F7D-4C8C-B03F-76DD0386DADE}"
EndProject
Global
	GlobalSection(SolutionConfigurationPlatforms) = preSolution
		Debug|Any CPU = Debug|Any CPU
		Release|Any CPU = Release|Any CPU
	EndGlobalSection
	GlobalSection(ProjectConfigurationPlatforms) = postSolution
		{9B203ED1-9F7D-4C8C-B03F-76DD0386DADE}.Debug|Any CPU.ActiveCfg = Debug|Any CPU
		{9B203ED1-9F7D-4C8C-B03F-76DD0386DADE}.Debug|Any CPU.Build.0 = Debug|Any CPU
		{9B203ED1-9F7D-4C8C-B03F-76DD0386DADE}.Release|Any CPU.ActiveCfg = Release|Any CPU
		{9B203ED1-9F7D-4C8C-B03F-76DD0386DADE}.Release|Any CPU.Build.0 = Release|Any CPU
	EndGlobalSection
	GlobalSection(SolutionProperties) = preSolution
		HideSolutionNode = FALSE
	EndGlobalSection
	GlobalSection(ExtensibilityGlobals) = postSolution
		SolutionGuid = {986EA5E6-781A-4750-8257-14719091B0AE}
	EndGlobalSection
EndGlobal
